
Microsoft Visual Studio Solution File, Format Version 12.00
# Visual Studio Version 16
VisualStudioVersion = 16.0.29728.190
MinimumVisualStudioVersion = 10.0.40219.1
Project("{9A19103F-16F7-4668-BE54-9A1E7A4F7556}") = "Dapper.Transaction.NetStandard20", "Dapper.Transaction.NetStandard20\Dapper.Transaction.NetStandard20.csproj", "{CD7F87A2-BCF6-48C9-96AF-86F32F7AF318}"
EndProject
Project("{FAE04EC0-301F-11D3-BF4B-00C04F79EFBC}") = "Dapper.Transaction.Net461", "Dapper.Transaction.Net461\Dapper.Transaction.Net461.csproj", "{B95951E5-7167-4B34-9CF0-D33AC6178333}"
EndProject
Project("{D954291E-2A0B-460D-934E-DC6B0785DB48}") = "Dapper.Transaction.Shared", "Dapper.Transaction.Shared\Dapper.Transaction.Shared.shproj", "{F448FAEA-4A1D-4432-8343-99C346856DAB}"
EndProject
Project("{FAE04EC0-301F-11D3-BF4B-00C04F79EFBC}") = "Lab", "Lab\Lab.csproj", "{31A63124-67D2-4427-8CF9-73FC1521F638}"
EndProject
Project("{FAE04EC0-301F-11D3-BF4B-00C04F79EFBC}") = "Dapper.Transaction.StrongName.Net461", "Dapper.Transaction.StrongName.Net461\Dapper.Transaction.StrongName.Net461.csproj", "{B8C3B69D-F0D3-49D4-B121-F8765B7F2D23}"
EndProject
Project("{9A19103F-16F7-4668-BE54-9A1E7A4F7556}") = "Dapper.Transaction.StrongName.NetStandard20", "Dapper.Transaction.StrongName.NetStandard20\Dapper.Transaction.StrongName.NetStandard20.csproj", "{D839949B-3985-4CAE-86D0-955471DC994D}"
EndProject
Project("{FAE04EC0-301F-11D3-BF4B-00C04F79EFBC}") = "Lab.StrongName", "Lab.StrongName\Lab.StrongName.csproj", "{094C1B26-A616-4201-9858-B4A0DCBDE883}"
EndProject
Project("{FAE04EC0-301F-11D3-BF4B-00C04F79EFBC}") = "Dapper.Transaction.Net5", "Dapper.Transaction.Net5\Dapper.Transaction.Net5.csproj", "{4D305E84-73B4-4548-94FA-0BA73511C777}"
EndProject
Project("{FAE04EC0-301F-11D3-BF4B-00C04F79EFBC}") = "Dapper.Transaction.StrongName.Net5", "Dapper.Transaction.StrongName.Net5\Dapper.Transaction.StrongName.Net5.csproj", "{3D45C667-F5B5-4B53-B23D-EEED70889FBE}"
EndProject
Global
	GlobalSection(SharedMSBuildProjectFiles) = preSolution
		Dapper.Transaction.Shared\Dapper.Transaction.Shared.projitems*{3d45c667-f5b5-4b53-b23d-eeed70889fbe}*SharedItemsImports = 5
		Dapper.Transaction.Shared\Dapper.Transaction.Shared.projitems*{4d305e84-73b4-4548-94fa-0ba73511c777}*SharedItemsImports = 5
		Dapper.Transaction.Shared\Dapper.Transaction.Shared.projitems*{b8c3b69d-f0d3-49d4-b121-f8765b7f2d23}*SharedItemsImports = 4
		Dapper.Transaction.Shared\Dapper.Transaction.Shared.projitems*{b95951e5-7167-4b34-9cf0-d33ac6178333}*SharedItemsImports = 4
		Dapper.Transaction.Shared\Dapper.Transaction.Shared.projitems*{cd7f87a2-bcf6-48c9-96af-86f32f7af318}*SharedItemsImports = 5
		Dapper.Transaction.Shared\Dapper.Transaction.Shared.projitems*{d839949b-3985-4cae-86d0-955471dc994d}*SharedItemsImports = 5
		Dapper.Transaction.Shared\Dapper.Transaction.Shared.projitems*{f448faea-4a1d-4432-8343-99c346856dab}*SharedItemsImports = 13
	EndGlobalSection
	GlobalSection(SolutionConfigurationPlatforms) = preSolution
		Debug|Any CPU = Debug|Any CPU
		Release|Any CPU = Release|Any CPU
	EndGlobalSection
	GlobalSection(ProjectConfigurationPlatforms) = postSolution
		{CD7F87A2-BCF6-48C9-96AF-86F32F7AF318}.Debug|Any CPU.ActiveCfg = Debug|Any CPU
		{CD7F87A2-BCF6-48C9-96AF-86F32F7AF318}.Debug|Any CPU.Build.0 = Debug|Any CPU
		{CD7F87A2-BCF6-48C9-96AF-86F32F7AF318}.Release|Any CPU.ActiveCfg = Release|Any CPU
		{CD7F87A2-BCF6-48C9-96AF-86F32F7AF318}.Release|Any CPU.Build.0 = Release|Any CPU
		{B95951E5-7167-4B34-9CF0-D33AC6178333}.Debug|Any CPU.ActiveCfg = Debug|Any CPU
		{B95951E5-7167-4B34-9CF0-D33AC6178333}.Debug|Any CPU.Build.0 = Debug|Any CPU
		{B95951E5-7167-4B34-9CF0-D33AC6178333}.Release|Any CPU.ActiveCfg = Release|Any CPU
		{B95951E5-7167-4B34-9CF0-D33AC6178333}.Release|Any CPU.Build.0 = Release|Any CPU
		{31A63124-67D2-4427-8CF9-73FC1521F638}.Debug|Any CPU.ActiveCfg = Debug|Any CPU
		{31A63124-67D2-4427-8CF9-73FC1521F638}.Debug|Any CPU.Build.0 = Debug|Any CPU
		{31A63124-67D2-4427-8CF9-73FC1521F638}.Release|Any CPU.ActiveCfg = Release|Any CPU
		{31A63124-67D2-4427-8CF9-73FC1521F638}.Release|Any CPU.Build.0 = Release|Any CPU
		{B8C3B69D-F0D3-49D4-B121-F8765B7F2D23}.Debug|Any CPU.ActiveCfg = Debug|Any CPU
		{B8C3B69D-F0D3-49D4-B121-F8765B7F2D23}.Debug|Any CPU.Build.0 = Debug|Any CPU
		{B8C3B69D-F0D3-49D4-B121-F8765B7F2D23}.Release|Any CPU.ActiveCfg = Release|Any CPU
		{B8C3B69D-F0D3-49D4-B121-F8765B7F2D23}.Release|Any CPU.Build.0 = Release|Any CPU
		{D839949B-3985-4CAE-86D0-955471DC994D}.Debug|Any CPU.ActiveCfg = Debug|Any CPU
		{D839949B-3985-4CAE-86D0-955471DC994D}.Debug|Any CPU.Build.0 = Debug|Any CPU
		{D839949B-3985-4CAE-86D0-955471DC994D}.Release|Any CPU.ActiveCfg = Release|Any CPU
		{D839949B-3985-4CAE-86D0-955471DC994D}.Release|Any CPU.Build.0 = Release|Any CPU
		{094C1B26-A616-4201-9858-B4A0DCBDE883}.Debug|Any CPU.ActiveCfg = Debug|Any CPU
		{094C1B26-A616-4201-9858-B4A0DCBDE883}.Debug|Any CPU.Build.0 = Debug|Any CPU
		{094C1B26-A616-4201-9858-B4A0DCBDE883}.Release|Any CPU.ActiveCfg = Release|Any CPU
		{094C1B26-A616-4201-9858-B4A0DCBDE883}.Release|Any CPU.Build.0 = Release|Any CPU
		{4D305E84-73B4-4548-94FA-0BA73511C777}.Debug|Any CPU.ActiveCfg = Debug|Any CPU
		{4D305E84-73B4-4548-94FA-0BA73511C777}.Debug|Any CPU.Build.0 = Debug|Any CPU
		{4D305E84-73B4-4548-94FA-0BA73511C777}.Release|Any CPU.ActiveCfg = Release|Any CPU
		{4D305E84-73B4-4548-94FA-0BA73511C777}.Release|Any CPU.Build.0 = Release|Any CPU
		{3D45C667-F5B5-4B53-B23D-EEED70889FBE}.Debug|Any CPU.ActiveCfg = Debug|Any CPU
		{3D45C667-F5B5-4B53-B23D-EEED70889FBE}.Debug|Any CPU.Build.0 = Debug|Any CPU
		{3D45C667-F5B5-4B53-B23D-EEED70889FBE}.Release|Any CPU.ActiveCfg = Release|Any CPU
		{3D45C667-F5B5-4B53-B23D-EEED70889FBE}.Release|Any CPU.Build.0 = Release|Any CPU
	EndGlobalSection
	GlobalSection(SolutionProperties) = preSolution
		HideSolutionNode = FALSE
	EndGlobalSection
	GlobalSection(ExtensibilityGlobals) = postSolution
		SolutionGuid = {402C2F40-86A2-4001-A977-81B6E001A528}
	EndGlobalSection
EndGlobal
